
Microsoft Visual Studio Solution File, Format Version 12.00
# Visual Studio Version 17
VisualStudioVersion = 17.12.35527.113
MinimumVisualStudioVersion = 10.0.40219.1
Project("{FAE04EC0-301F-11D3-BF4B-00C04F79EFBC}") = "AU Web", "AU Web.csproj", "{D803AD06-C769-4664-B1FD-D2B378B8F88B}"
EndProject
Project("{FAE04EC0-301F-11D3-BF4B-00C04F79EFBC}") = "AU_Business", "..\..\AU (3)\AU_Business\AU_Business.csproj", "{3B7987EA-7C8D-4C78-BDE5-1784356F0105}"
EndProject
Project("{FAE04EC0-301F-11D3-BF4B-00C04F79EFBC}") = "AU_Data", "..\..\AU (3)\AU_Data\AU_Data.csproj", "{FAC792F1-9AA6-4864-9862-CEA7DFD1E867}"
EndProject
Global
	GlobalSection(SolutionConfigurationPlatforms) = preSolution
		Debug|Any CPU = Debug|Any CPU
		Release|Any CPU = Release|Any CPU
	EndGlobalSection
	GlobalSection(ProjectConfigurationPlatforms) = postSolution
		{D803AD06-C769-4664-B1FD-D2B378B8F88B}.Debug|Any CPU.ActiveCfg = Debug|Any CPU
		{D803AD06-C769-4664-B1FD-D2B378B8F88B}.Debug|Any CPU.Build.0 = Debug|Any CPU
		{D803AD06-C769-4664-B1FD-D2B378B8F88B}.Release|Any CPU.ActiveCfg = Release|Any CPU
		{D803AD06-C769-4664-B1FD-D2B378B8F88B}.Release|Any CPU.Build.0 = Release|Any CPU
		{3B7987EA-7C8D-4C78-BDE5-1784356F0105}.Debug|Any CPU.ActiveCfg = Debug|Any CPU
		{3B7987EA-7C8D-4C78-BDE5-1784356F0105}.Debug|Any CPU.Build.0 = Debug|Any CPU
		{3B7987EA-7C8D-4C78-BDE5-1784356F0105}.Release|Any CPU.ActiveCfg = Release|Any CPU
		{3B7987EA-7C8D-4C78-BDE5-1784356F0105}.Release|Any CPU.Build.0 = Release|Any CPU
		{FAC792F1-9AA6-4864-9862-CEA7DFD1E867}.Debug|Any CPU.ActiveCfg = Debug|Any CPU
		{FAC792F1-9AA6-4864-9862-CEA7DFD1E867}.Debug|Any CPU.Build.0 = Debug|Any CPU
		{FAC792F1-9AA6-4864-9862-CEA7DFD1E867}.Release|Any CPU.ActiveCfg = Release|Any CPU
		{FAC792F1-9AA6-4864-9862-CEA7DFD1E867}.Release|Any CPU.Build.0 = Release|Any CPU
	EndGlobalSection
	GlobalSection(SolutionProperties) = preSolution
		HideSolutionNode = FALSE
	EndGlobalSection
EndGlobal
